
Microsoft Visual Studio Solution File, Format Version 12.00
# Visual Studio 15
VisualStudioVersion = 15.0.27130.2036
MinimumVisualStudioVersion = 10.0.40219.1
Project("{FAE04EC0-301F-11D3-BF4B-00C04F79EFBC}") = "Lat1", "Lat1\Lat1.csproj", "{A42FDDCA-5409-4D33-B663-2ACF4171F89F}"
EndProject
Global
	GlobalSection(SolutionConfigurationPlatforms) = preSolution
		Debug|Any CPU = Debug|Any CPU
		Release|Any CPU = Release|Any CPU
	EndGlobalSection
	GlobalSection(ProjectConfigurationPlatforms) = postSolution
		{A42FDDCA-5409-4D33-B663-2ACF4171F89F}.Debug|Any CPU.ActiveCfg = Debug|Any CPU
		{A42FDDCA-5409-4D33-B663-2ACF4171F89F}.Debug|Any CPU.Build.0 = Debug|Any CPU
		{A42FDDCA-5409-4D33-B663-2ACF4171F89F}.Release|Any CPU.ActiveCfg = Release|Any CPU
		{A42FDDCA-5409-4D33-B663-2ACF4171F89F}.Release|Any CPU.Build.0 = Release|Any CPU
	EndGlobalSection
	GlobalSection(SolutionProperties) = preSolution
		HideSolutionNode = FALSE
	EndGlobalSection
	GlobalSection(ExtensibilityGlobals) = postSolution
		SolutionGuid = {80D0EF13-955C-4C3E-8CCB-C8167486C602}
	EndGlobalSection
EndGlobal
